
Microsoft Visual Studio Solution File, Format Version 12.00
Project("{FAE04EC0-301F-11D3-BF4B-00C04F79EFBC}") = "MoosicBot", "src\MoosicBot\MoosicBot.csproj", "{463CCB25-D2DA-4B6E-BD93-F21AF679E5BD}"
EndProject
Global
	GlobalSection(SolutionConfigurationPlatforms) = preSolution
		Debug|Any CPU = Debug|Any CPU
		Release|Any CPU = Release|Any CPU
	EndGlobalSection
	GlobalSection(ProjectConfigurationPlatforms) = postSolution
		{463CCB25-D2DA-4B6E-BD93-F21AF679E5BD}.Debug|Any CPU.ActiveCfg = Debug|Any CPU
		{463CCB25-D2DA-4B6E-BD93-F21AF679E5BD}.Debug|Any CPU.Build.0 = Debug|Any CPU
		{463CCB25-D2DA-4B6E-BD93-F21AF679E5BD}.Release|Any CPU.ActiveCfg = Release|Any CPU
		{463CCB25-D2DA-4B6E-BD93-F21AF679E5BD}.Release|Any CPU.Build.0 = Release|Any CPU
	EndGlobalSection
EndGlobal
